
Microsoft Visual Studio Solution File, Format Version 12.00
# Visual Studio Version 16
VisualStudioVersion = 16.0.30114.105
MinimumVisualStudioVersion = 10.0.40219.1
Project("{FAE04EC0-301F-11D3-BF4B-00C04F79EFBC}") = "Task_2_1_1", "Task_2_1_1\Task_2_1_1.csproj", "{90FB034B-F742-4CA5-8417-86CF04689B38}"
EndProject
Project("{FAE04EC0-301F-11D3-BF4B-00C04F79EFBC}") = "StringAsArrayLibrary", "StringAsArrayLibrary\StringAsArrayLibrary.csproj", "{5C2932B2-BB7E-4D42-9AEC-DD78BDDB5B41}"
EndProject
Project("{FAE04EC0-301F-11D3-BF4B-00C04F79EFBC}") = "Task_2_1_2", "Task_2_1_2\Task_2_1_2.csproj", "{7623FFFF-BB59-45C3-9BB9-36DF0E5264B9}"
EndProject
Global
	GlobalSection(SolutionConfigurationPlatforms) = preSolution
		Debug|Any CPU = Debug|Any CPU
		Release|Any CPU = Release|Any CPU
	EndGlobalSection
	GlobalSection(ProjectConfigurationPlatforms) = postSolution
		{90FB034B-F742-4CA5-8417-86CF04689B38}.Debug|Any CPU.ActiveCfg = Debug|Any CPU
		{90FB034B-F742-4CA5-8417-86CF04689B38}.Debug|Any CPU.Build.0 = Debug|Any CPU
		{90FB034B-F742-4CA5-8417-86CF04689B38}.Release|Any CPU.ActiveCfg = Release|Any CPU
		{90FB034B-F742-4CA5-8417-86CF04689B38}.Release|Any CPU.Build.0 = Release|Any CPU
		{5C2932B2-BB7E-4D42-9AEC-DD78BDDB5B41}.Debug|Any CPU.ActiveCfg = Debug|Any CPU
		{5C2932B2-BB7E-4D42-9AEC-DD78BDDB5B41}.Debug|Any CPU.Build.0 = Debug|Any CPU
		{5C2932B2-BB7E-4D42-9AEC-DD78BDDB5B41}.Release|Any CPU.ActiveCfg = Release|Any CPU
		{5C2932B2-BB7E-4D42-9AEC-DD78BDDB5B41}.Release|Any CPU.Build.0 = Release|Any CPU
		{7623FFFF-BB59-45C3-9BB9-36DF0E5264B9}.Debug|Any CPU.ActiveCfg = Debug|Any CPU
		{7623FFFF-BB59-45C3-9BB9-36DF0E5264B9}.Debug|Any CPU.Build.0 = Debug|Any CPU
		{7623FFFF-BB59-45C3-9BB9-36DF0E5264B9}.Release|Any CPU.ActiveCfg = Release|Any CPU
		{7623FFFF-BB59-45C3-9BB9-36DF0E5264B9}.Release|Any CPU.Build.0 = Release|Any CPU
	EndGlobalSection
	GlobalSection(SolutionProperties) = preSolution
		HideSolutionNode = FALSE
	EndGlobalSection
	GlobalSection(ExtensibilityGlobals) = postSolution
		SolutionGuid = {13EF4383-9E9B-4D1A-A276-67BF070F97B3}
	EndGlobalSection
EndGlobal
