
Microsoft Visual Studio Solution File, Format Version 12.00
# Visual Studio Version 16
VisualStudioVersion = 16.0.30114.105
MinimumVisualStudioVersion = 10.0.40219.1
Project("{FAE04EC0-301F-11D3-BF4B-00C04F79EFBC}") = "Task_3_1_1", "Task_3_1_1\Task_3_1_1.csproj", "{C7762BBE-E844-47D9-8E88-FD4B48453E10}"
EndProject
Global
	GlobalSection(SolutionConfigurationPlatforms) = preSolution
		Debug|Any CPU = Debug|Any CPU
		Release|Any CPU = Release|Any CPU
	EndGlobalSection
	GlobalSection(ProjectConfigurationPlatforms) = postSolution
		{C7762BBE-E844-47D9-8E88-FD4B48453E10}.Debug|Any CPU.ActiveCfg = Debug|Any CPU
		{C7762BBE-E844-47D9-8E88-FD4B48453E10}.Debug|Any CPU.Build.0 = Debug|Any CPU
		{C7762BBE-E844-47D9-8E88-FD4B48453E10}.Release|Any CPU.ActiveCfg = Release|Any CPU
		{C7762BBE-E844-47D9-8E88-FD4B48453E10}.Release|Any CPU.Build.0 = Release|Any CPU
	EndGlobalSection
	GlobalSection(SolutionProperties) = preSolution
		HideSolutionNode = FALSE
	EndGlobalSection
	GlobalSection(ExtensibilityGlobals) = postSolution
		SolutionGuid = {2D2756EC-5F7E-441D-A784-CCF775BC6271}
	EndGlobalSection
EndGlobal
